
Microsoft Visual Studio Solution File, Format Version 12.00
# Visual Studio Version 17
VisualStudioVersion = 17.3.32819.101
MinimumVisualStudioVersion = 10.0.40219.1
Project("{8BC9CEB8-8B4A-11D0-8D11-00A0C91BC942}") = "TLDR", "TLDR\TLDR.vcxproj", "{CE0F70B2-A2C0-442F-AF11-252A7CA9DA8B}"
EndProject
Global
	GlobalSection(SolutionConfigurationPlatforms) = preSolution
		Debug|x64 = Debug|x64
		Release|x64 = Release|x64
	EndGlobalSection
	GlobalSection(ProjectConfigurationPlatforms) = postSolution
		{CE0F70B2-A2C0-442F-AF11-252A7CA9DA8B}.Debug|x64.ActiveCfg = Debug|x64
		{CE0F70B2-A2C0-442F-AF11-252A7CA9DA8B}.Debug|x64.Build.0 = Debug|x64
		{CE0F70B2-A2C0-442F-AF11-252A7CA9DA8B}.Release|x64.ActiveCfg = Release|x64
		{CE0F70B2-A2C0-442F-AF11-252A7CA9DA8B}.Release|x64.Build.0 = Release|x64
	EndGlobalSection
	GlobalSection(SolutionProperties) = preSolution
		HideSolutionNode = FALSE
	EndGlobalSection
	GlobalSection(ExtensibilityGlobals) = postSolution
		SolutionGuid = {0790C9C6-FA31-42A2-8EC9-D5B6103C6152}
	EndGlobalSection
EndGlobal
